
Microsoft Visual Studio Solution File, Format Version 12.00
# Visual Studio Version 17
VisualStudioVersion = 17.7.34221.43
MinimumVisualStudioVersion = 10.0.40219.1
Project("{FAE04EC0-301F-11D3-BF4B-00C04F79EFBC}") = "ControleDeAnimais", "ControleDeAnimais\ControleDeAnimais.csproj", "{706DEB87-1ADE-4BFB-B6CC-600A64B7C927}"
EndProject
Global
	GlobalSection(SolutionConfigurationPlatforms) = preSolution
		Debug|Any CPU = Debug|Any CPU
		Release|Any CPU = Release|Any CPU
	EndGlobalSection
	GlobalSection(ProjectConfigurationPlatforms) = postSolution
		{706DEB87-1ADE-4BFB-B6CC-600A64B7C927}.Debug|Any CPU.ActiveCfg = Debug|Any CPU
		{706DEB87-1ADE-4BFB-B6CC-600A64B7C927}.Debug|Any CPU.Build.0 = Debug|Any CPU
		{706DEB87-1ADE-4BFB-B6CC-600A64B7C927}.Release|Any CPU.ActiveCfg = Release|Any CPU
		{706DEB87-1ADE-4BFB-B6CC-600A64B7C927}.Release|Any CPU.Build.0 = Release|Any CPU
	EndGlobalSection
	GlobalSection(SolutionProperties) = preSolution
		HideSolutionNode = FALSE
	EndGlobalSection
	GlobalSection(ExtensibilityGlobals) = postSolution
		SolutionGuid = {F93CDBB9-70FC-496E-A662-A3896C0F8D4D}
	EndGlobalSection
EndGlobal
